
Microsoft Visual Studio Solution File, Format Version 12.00
# Visual Studio Version 17
VisualStudioVersion = 17.9.34622.214
MinimumVisualStudioVersion = 10.0.40219.1
Project("{FAE04EC0-301F-11D3-BF4B-00C04F79EFBC}") = "BahiKitab", "BahiKitab.csproj", "{9CCA9302-EA99-4DCE-91E7-54F6BDA39010}"
EndProject
Global
	GlobalSection(SolutionConfigurationPlatforms) = preSolution
		Debug|Any CPU = Debug|Any CPU
		Release|Any CPU = Release|Any CPU
		Testing|Any CPU = Testing|Any CPU
	EndGlobalSection
	GlobalSection(ProjectConfigurationPlatforms) = postSolution
		{9CCA9302-EA99-4DCE-91E7-54F6BDA39010}.Debug|Any CPU.ActiveCfg = Debug|Any CPU
		{9CCA9302-EA99-4DCE-91E7-54F6BDA39010}.Debug|Any CPU.Build.0 = Debug|Any CPU
		{9CCA9302-EA99-4DCE-91E7-54F6BDA39010}.Release|Any CPU.ActiveCfg = Release|Any CPU
		{9CCA9302-EA99-4DCE-91E7-54F6BDA39010}.Release|Any CPU.Build.0 = Release|Any CPU
		{9CCA9302-EA99-4DCE-91E7-54F6BDA39010}.Testing|Any CPU.ActiveCfg = Testing|Any CPU
		{9CCA9302-EA99-4DCE-91E7-54F6BDA39010}.Testing|Any CPU.Build.0 = Testing|Any CPU
	EndGlobalSection
	GlobalSection(SolutionProperties) = preSolution
		HideSolutionNode = FALSE
	EndGlobalSection
	GlobalSection(ExtensibilityGlobals) = postSolution
		SolutionGuid = {6D62AC46-E713-45B1-8D63-9B77F823DE03}
	EndGlobalSection
EndGlobal
